
Microsoft Visual Studio Solution File, Format Version 12.00
# Visual Studio Version 16
VisualStudioVersion = 16.0.29411.138
MinimumVisualStudioVersion = 10.0.40219.1
Project("{FAE04EC0-301F-11D3-BF4B-00C04F79EFBC}") = "IssuesApp", "IssuesApp\IssuesApp.csproj", "{8CF83BDE-F5DA-4E76-A8E1-39917F951002}"
EndProject
Global
	GlobalSection(SolutionConfigurationPlatforms) = preSolution
		Debug|Any CPU = Debug|Any CPU
		Release|Any CPU = Release|Any CPU
	EndGlobalSection
	GlobalSection(ProjectConfigurationPlatforms) = postSolution
		{8CF83BDE-F5DA-4E76-A8E1-39917F951002}.Debug|Any CPU.ActiveCfg = Debug|Any CPU
		{8CF83BDE-F5DA-4E76-A8E1-39917F951002}.Debug|Any CPU.Build.0 = Debug|Any CPU
		{8CF83BDE-F5DA-4E76-A8E1-39917F951002}.Release|Any CPU.ActiveCfg = Release|Any CPU
		{8CF83BDE-F5DA-4E76-A8E1-39917F951002}.Release|Any CPU.Build.0 = Release|Any CPU
	EndGlobalSection
	GlobalSection(SolutionProperties) = preSolution
		HideSolutionNode = FALSE
	EndGlobalSection
	GlobalSection(ExtensibilityGlobals) = postSolution
		SolutionGuid = {CD1DBEA1-7BB2-4D55-AA04-FABFC06D46BE}
	EndGlobalSection
EndGlobal
